schema: '2.0'
stages:
  load_data:
    cmd: python src/load_data.py --config=params.yaml
    deps:
    - path: data_given/winequality.csv
      md5: d98e8f2eca228c11c4de1cc96866a54d
      size: 91998
    - path: src/get_data.py
      md5: 1fbc8e0fa2802fba7f68f1e0879870f8
      size: 632
    - path: src/load_data.py
      md5: 755b3a8d910ec7851af4955d6c32e26b
      size: 606
    outs:
    - path: data/raw/winequality.csv
      md5: d98e8f2eca228c11c4de1cc96866a54d
      size: 93598
  split_data:
    cmd: python src/split_data.py --config=params.yaml
    deps:
    - path: data/raw/winequality.csv
      md5: d98e8f2eca228c11c4de1cc96866a54d
      size: 91998
    - path: src/split_data.py
      md5: 43a643363260bcf86c6dd6f7e3701b65
      size: 945
    outs:
    - path: data/processed/test_winequality.csv
      md5: f2aa3bd0c97468b7110f957a1ed59f54
      size: 80418
    - path: data/processed/train_winequality.csv
      md5: 61c8795e355c18440d7bbaae25c0a4fb
      size: 20213
  train_and_evaluate:
    cmd: python src/train_and_evaluate.py --config=params.yaml
    deps:
    - path: data/processed/test_winequality.csv
      md5: f2aa3bd0c97468b7110f957a1ed59f54
      size: 80418
    - path: data/processed/train_winequality.csv
      md5: 61c8795e355c18440d7bbaae25c0a4fb
      size: 20213
    - path: src/train_and_evaluate.py
      md5: 505d734fe2ed7e41733b4ae5918126c6
      size: 2488
    params:
      params.yaml:
        estimators.ElasticNet.params.alpha: 0.88
        estimators.ElasticNet.params.l1_ratio: 0.89
    outs:
    - path: report/params.json
      md5: 0568f34313ba7c5e55128b75dbcbee5c
      size: 46
    - path: report/scores.json
      md5: 46a04ae95f84ff5ac8389edbe436aa67
      size: 101
    - path: saved_models/model.joblib
      md5: b15f0bb0ce7f06e65fc4fc0c90fcfe16
      size: 1279
