schema: '2.0'
stages:
  load_data:
    cmd: python src/load_data.py --config=params.yaml
    deps:
    - path: data_given/winequality.csv
      md5: d98e8f2eca228c11c4de1cc96866a54d
      size: 91998
    - path: src/get_data.py
      md5: 1fbc8e0fa2802fba7f68f1e0879870f8
      size: 632
    - path: src/load_data.py
      md5: 755b3a8d910ec7851af4955d6c32e26b
      size: 606
    outs:
    - path: data/raw/winequality.csv
      md5: d98e8f2eca228c11c4de1cc96866a54d
      size: 93598
  split_data:
    cmd: python src/split_data.py --config=params.yaml
    deps:
    - path: data/raw/winequality.csv
      md5: d98e8f2eca228c11c4de1cc96866a54d
      size: 91998
    - path: src/split_data.py
      md5: 43a643363260bcf86c6dd6f7e3701b65
      size: 945
    outs:
    - path: data/processed/test_winequality.csv
      md5: f2aa3bd0c97468b7110f957a1ed59f54
      size: 80418
    - path: data/processed/train_winequality.csv
      md5: 61c8795e355c18440d7bbaae25c0a4fb
      size: 20213
  train_and_evaluate:
    cmd: python src/train_and_evaluate.py --config=params.yaml
    deps:
    - path: data/processed/test_winequality.csv
      md5: f2aa3bd0c97468b7110f957a1ed59f54
      size: 80418
    - path: data/processed/train_winequality.csv
      md5: 61c8795e355c18440d7bbaae25c0a4fb
      size: 20213
    - path: src/train_and_evaluate.py
      md5: 505d734fe2ed7e41733b4ae5918126c6
      size: 2488
    params:
      params.yaml:
        estimators.ElasticNet.params.alpha: 0.9
        estimators.ElasticNet.params.l1_ratio: 0.4
    outs:
    - path: report/params.json
      md5: a4aab0167612f21a6085dd05cfafdbf6
      size: 44
    - path: report/scores.json
      md5: df44925b5384f29e0a0c106c2fc8489d
      size: 100
    - path: saved_models/model.joblib
      md5: 9085a366a128884c06140491e73e8d45
      size: 1279
